// !$*UTF8*$!
{
	archiveVersion = 1;
	classes = {
	};
	objectVersion = 46;
	objects = {

/* Begin PBXBuildFile section */
		0C51F03124044B94ABB53C3A /* libPods.a in Frameworks */ = {isa = PBXBuildFile; fileRef = B67609A5C31F4106BD784A91 /* libPods.a */; };
		1A1925761697425800553108 /* GNGeneralPreferencesViewController.xib in Resources */ = {isa = PBXBuildFile; fileRef = 1A1925781697425800553108 /* GNGeneralPreferencesViewController.xib */; };
		1A19257C1697426400553108 /* GNAccountPreferencesViewController.xib in Resources */ = {isa = PBXBuildFile; fileRef = 1A19257E1697426400553108 /* GNAccountPreferencesViewController.xib */; };
		1A192580169742BE00553108 /* MainMenu.xib in Resources */ = {isa = PBXBuildFile; fileRef = 1A19257F169742BE00553108 /* MainMenu.xib */; };
		1A1C9EE7169538B20044D4DC /* GNAccountPreferencesViewController.m in Sources */ = {isa = PBXBuildFile; fileRef = 1A1C9EE5169538B20044D4DC /* GNAccountPreferencesViewController.m */; };
		1A403A5D169506460055D43B /* GNGeneralPreferencesViewController.m in Sources */ = {isa = PBXBuildFile; fileRef = 1A403A5B169506460055D43B /* GNGeneralPreferencesViewController.m */; };
		1A5675D116A316AA00835D1E /* mail_new.aiff in Resources */ = {isa = PBXBuildFile; fileRef = 1A5675CE16A316AA00835D1E /* mail_new.aiff */; };
		1A5E8B4116ACC91C00D47812 /* NSObject+BlockObservation.m in Sources */ = {isa = PBXBuildFile; fileRef = 1A5E8B4016ACC91C00D47812 /* NSObject+BlockObservation.m */; };
		1A64978216973EA50066CA4D /* GNAPIKeys.m in Sources */ = {isa = PBXBuildFile; fileRef = 1A64978116973EA50066CA4D /* GNAPIKeys.m */; };
		1A66FC8516937EBD00A6CC02 /* mail_error.pdf in Resources */ = {isa = PBXBuildFile; fileRef = 1A66FC8416937EBD00A6CC02 /* mail_error.pdf */; };
		1A852E5F16A1DAC900D5F2E6 /* GNMailAccountManager.m in Sources */ = {isa = PBXBuildFile; fileRef = 1A852E5E16A1DAC900D5F2E6 /* GNMailAccountManager.m */; };
		1A852E6616A1DB2800D5F2E6 /* GNUtils.m in Sources */ = {isa = PBXBuildFile; fileRef = 1A852E6516A1DB2800D5F2E6 /* GNUtils.m */; };
		1A9192A5169938ED003096C3 /* appicon.iconset in Resources */ = {isa = PBXBuildFile; fileRef = 1A9192A4169938ED003096C3 /* appicon.iconset */; };
		1AAD501116937B1300FF3658 /* Cocoa.framework in Frameworks */ = {isa = PBXBuildFile; fileRef = 1AAD501016937B1300FF3658 /* Cocoa.framework */; };
		1AAD501B16937B1300FF3658 /* InfoPlist.strings in Resources */ = {isa = PBXBuildFile; fileRef = 1AAD501916937B1300FF3658 /* InfoPlist.strings */; };
		1AAD501D16937B1300FF3658 /* main.m in Sources */ = {isa = PBXBuildFile; fileRef = 1AAD501C16937B1300FF3658 /* main.m */; };
		1AAD502116937B1300FF3658 /* Credits.rtf in Resources */ = {isa = PBXBuildFile; fileRef = 1AAD501F16937B1300FF3658 /* Credits.rtf */; };
		1AAD502416937B1300FF3658 /* GNAppDelegate.m in Sources */ = {isa = PBXBuildFile; fileRef = 1AAD502316937B1300FF3658 /* GNAppDelegate.m */; };
		1AAD503116937B4D00FF3658 /* mail_alt.pdf in Resources */ = {isa = PBXBuildFile; fileRef = 1AAD502E16937B4D00FF3658 /* mail_alt.pdf */; };
		1AAD503216937B4D00FF3658 /* mail_new.pdf in Resources */ = {isa = PBXBuildFile; fileRef = 1AAD502F16937B4D00FF3658 /* mail_new.pdf */; };
		1AAD503316937B4D00FF3658 /* mail.pdf in Resources */ = {isa = PBXBuildFile; fileRef = 1AAD503016937B4D00FF3658 /* mail.pdf */; };
		1ACAF72E1693A4AE0002700B /* GNMailFetchManager.m in Sources */ = {isa = PBXBuildFile; fileRef = 1ACAF72D1693A4AE0002700B /* GNMailFetchManager.m */; };
		1AE7976818405F230024E2B0 /* WebKit.framework in Frameworks */ = {isa = PBXBuildFile; fileRef = 1AE7976718405F230024E2B0 /* WebKit.framework */; };
/* End PBXBuildFile section */

/* Begin PBXCopyFilesBuildPhase section */
		1A398F591698FA94003CD8E6 /* CopyFiles */ = {
			isa = PBXCopyFilesBuildPhase;
			buildActionMask = 2147483647;
			dstPath = "";
			dstSubfolderSpec = 10;
			files = (
			);
			runOnlyForDeploymentPostprocessing = 0;
		};
/* End PBXCopyFilesBuildPhase section */

/* Begin PBXFileReference section */
		1A1925771697425800553108 /* en */ = {isa = PBXFileReference; lastKnownFileType = file.xib; name = en; path = en.lproj/GNGeneralPreferencesViewController.xib; sourceTree = "<group>"; };
		1A19257D1697426400553108 /* en */ = {isa = PBXFileReference; lastKnownFileType = file.xib; name = en; path = en.lproj/GNAccountPreferencesViewController.xib; sourceTree = "<group>"; };
		1A19257F169742BE00553108 /* MainMenu.xib */ = {isa = PBXFileReference; fileEncoding = 4; lastKnownFileType = file.xib; path = MainMenu.xib; sourceTree = "<group>"; };
		1A192581169742D600553108 /* Gmail Notifier.entitlements */ = {isa = PBXFileReference; lastKnownFileType = text.xml; path = "Gmail Notifier.entitlements"; sourceTree = "<group>"; };
		1A1C9EE4169538B20044D4DC /* GNAccountPreferencesViewController.h */ = {isa = PBXFileReference; fileEncoding = 4; lastKnownFileType = sourcecode.c.h; path = GNAccountPreferencesViewController.h; sourceTree = "<group>"; };
		1A1C9EE5169538B20044D4DC /* GNAccountPreferencesViewController.m */ = {isa = PBXFileReference; fileEncoding = 4; lastKnownFileType = sourcecode.c.objc; path = GNAccountPreferencesViewController.m; sourceTree = "<group>"; };
		1A403A5A169506460055D43B /* GNGeneralPreferencesViewController.h */ = {isa = PBXFileReference; fileEncoding = 4; lastKnownFileType = sourcecode.c.h; path = GNGeneralPreferencesViewController.h; sourceTree = "<group>"; };
		1A403A5B169506460055D43B /* GNGeneralPreferencesViewController.m */ = {isa = PBXFileReference; fileEncoding = 4; lastKnownFileType = sourcecode.c.objc; path = GNGeneralPreferencesViewController.m; sourceTree = "<group>"; };
		1A5675CE16A316AA00835D1E /* mail_new.aiff */ = {isa = PBXFileReference; lastKnownFileType = audio.aiff; path = mail_new.aiff; sourceTree = "<group>"; };
		1A5E8B3F16ACC91C00D47812 /* NSObject+BlockObservation.h */ = {isa = PBXFileReference; fileEncoding = 4; lastKnownFileType = sourcecode.c.h; path = "NSObject+BlockObservation.h"; sourceTree = "<group>"; };
		1A5E8B4016ACC91C00D47812 /* NSObject+BlockObservation.m */ = {isa = PBXFileReference; fileEncoding = 4; lastKnownFileType = sourcecode.c.objc; path = "NSObject+BlockObservation.m"; sourceTree = "<group>"; };
		1A64978016973EA50066CA4D /* GNAPIKeys.h */ = {isa = PBXFileReference; fileEncoding = 4; lastKnownFileType = sourcecode.c.h; path = GNAPIKeys.h; sourceTree = "<group>"; };
		1A64978116973EA50066CA4D /* GNAPIKeys.m */ = {isa = PBXFileReference; fileEncoding = 4; lastKnownFileType = sourcecode.c.objc; path = GNAPIKeys.m; sourceTree = "<group>"; };
		1A66FC8416937EBD00A6CC02 /* mail_error.pdf */ = {isa = PBXFileReference; lastKnownFileType = image.pdf; path = mail_error.pdf; sourceTree = "<group>"; };
		1A852E5D16A1DAC900D5F2E6 /* GNMailAccountManager.h */ = {isa = PBXFileReference; fileEncoding = 4; lastKnownFileType = sourcecode.c.h; path = GNMailAccountManager.h; sourceTree = "<group>"; };
		1A852E5E16A1DAC900D5F2E6 /* GNMailAccountManager.m */ = {isa = PBXFileReference; fileEncoding = 4; lastKnownFileType = sourcecode.c.objc; path = GNMailAccountManager.m; sourceTree = "<group>"; };
		1A852E6416A1DB2800D5F2E6 /* GNUtils.h */ = {isa = PBXFileReference; fileEncoding = 4; lastKnownFileType = sourcecode.c.h; path = GNUtils.h; sourceTree = "<group>"; };
		1A852E6516A1DB2800D5F2E6 /* GNUtils.m */ = {isa = PBXFileReference; fileEncoding = 4; lastKnownFileType = sourcecode.c.objc; path = GNUtils.m; sourceTree = "<group>"; };
		1A9192A4169938ED003096C3 /* appicon.iconset */ = {isa = PBXFileReference; lastKnownFileType = folder.iconset; name = appicon.iconset; path = ../appicon.iconset; sourceTree = "<group>"; };
		1AAD500C16937B1300FF3658 /* Gmail Notifier.app */ = {isa = PBXFileReference; explicitFileType = wrapper.application; includeInIndex = 0; path = "Gmail Notifier.app"; sourceTree = BUILT_PRODUCTS_DIR; };
		1AAD501016937B1300FF3658 /* Cocoa.framework */ = {isa = PBXFileReference; lastKnownFileType = wrapper.framework; name = Cocoa.framework; path = System/Library/Frameworks/Cocoa.framework; sourceTree = SDKROOT; };
		1AAD501316937B1300FF3658 /* AppKit.framework */ = {isa = PBXFileReference; lastKnownFileType = wrapper.framework; name = AppKit.framework; path = System/Library/Frameworks/AppKit.framework; sourceTree = SDKROOT; };
		1AAD501416937B1300FF3658 /* CoreData.framework */ = {isa = PBXFileReference; lastKnownFileType = wrapper.framework; name = CoreData.framework; path = System/Library/Frameworks/CoreData.framework; sourceTree = SDKROOT; };
		1AAD501516937B1300FF3658 /* Foundation.framework */ = {isa = PBXFileReference; lastKnownFileType = wrapper.framework; name = Foundation.framework; path = System/Library/Frameworks/Foundation.framework; sourceTree = SDKROOT; };
		1AAD501816937B1300FF3658 /* Gmail Notifier-Info.plist */ = {isa = PBXFileReference; lastKnownFileType = text.plist.xml; path = "Gmail Notifier-Info.plist"; sourceTree = "<group>"; };
		1AAD501A16937B1300FF3658 /* en */ = {isa = PBXFileReference; lastKnownFileType = text.plist.strings; name = en; path = en.lproj/InfoPlist.strings; sourceTree = "<group>"; };
		1AAD501C16937B1300FF3658 /* main.m */ = {isa = PBXFileReference; lastKnownFileType = sourcecode.c.objc; path = main.m; sourceTree = "<group>"; };
		1AAD501E16937B1300FF3658 /* Gmail Notifier-Prefix.pch */ = {isa = PBXFileReference; lastKnownFileType = sourcecode.c.h; path = "Gmail Notifier-Prefix.pch"; sourceTree = "<group>"; };
		1AAD502016937B1300FF3658 /* en */ = {isa = PBXFileReference; lastKnownFileType = text.rtf; name = en; path = en.lproj/Credits.rtf; sourceTree = "<group>"; };
		1AAD502216937B1300FF3658 /* GNAppDelegate.h */ = {isa = PBXFileReference; lastKnownFileType = sourcecode.c.h; path = GNAppDelegate.h; sourceTree = "<group>"; };
		1AAD502316937B1300FF3658 /* GNAppDelegate.m */ = {isa = PBXFileReference; lastKnownFileType = sourcecode.c.objc; path = GNAppDelegate.m; sourceTree = "<group>"; };
		1AAD502E16937B4D00FF3658 /* mail_alt.pdf */ = {isa = PBXFileReference; lastKnownFileType = image.pdf; path = mail_alt.pdf; sourceTree = "<group>"; };
		1AAD502F16937B4D00FF3658 /* mail_new.pdf */ = {isa = PBXFileReference; lastKnownFileType = image.pdf; path = mail_new.pdf; sourceTree = "<group>"; };
		1AAD503016937B4D00FF3658 /* mail.pdf */ = {isa = PBXFileReference; lastKnownFileType = image.pdf; path = mail.pdf; sourceTree = "<group>"; };
		1ACAF72C1693A4AE0002700B /* GNMailFetchManager.h */ = {isa = PBXFileReference; fileEncoding = 4; lastKnownFileType = sourcecode.c.h; path = GNMailFetchManager.h; sourceTree = "<group>"; };
		1ACAF72D1693A4AE0002700B /* GNMailFetchManager.m */ = {isa = PBXFileReference; fileEncoding = 4; lastKnownFileType = sourcecode.c.objc; path = GNMailFetchManager.m; sourceTree = "<group>"; };
		1AE7976718405F230024E2B0 /* WebKit.framework */ = {isa = PBXFileReference; lastKnownFileType = wrapper.framework; name = WebKit.framework; path = System/Library/Frameworks/WebKit.framework; sourceTree = SDKROOT; };
		903DE69CF5F645C2A264500A /* Pods.xcconfig */ = {isa = PBXFileReference; includeInIndex = 1; lastKnownFileType = text.xcconfig; name = Pods.xcconfig; path = Pods/Pods.xcconfig; sourceTree = "<group>"; };
		B67609A5C31F4106BD784A91 /* libPods.a */ = {isa = PBXFileReference; explicitFileType = archive.ar; includeInIndex = 0; path = libPods.a; sourceTree = BUILT_PRODUCTS_DIR; };
/* End PBXFileReference section */

/* Begin PBXFrameworksBuildPhase section */
		1AAD500916937B1300FF3658 /* Frameworks */ = {
			isa = PBXFrameworksBuildPhase;
			buildActionMask = 2147483647;
			files = (
				1AAD501116937B1300FF3658 /* Cocoa.framework in Frameworks */,
				1AE7976818405F230024E2B0 /* WebKit.framework in Frameworks */,
				0C51F03124044B94ABB53C3A /* libPods.a in Frameworks */,
			);
			runOnlyForDeploymentPostprocessing = 0;
		};
/* End PBXFrameworksBuildPhase section */

/* Begin PBXGroup section */
		1A403A59169506080055D43B /* Preferences */ = {
			isa = PBXGroup;
			children = (
				1A403A5A169506460055D43B /* GNGeneralPreferencesViewController.h */,
				1A403A5B169506460055D43B /* GNGeneralPreferencesViewController.m */,
				1A1925781697425800553108 /* GNGeneralPreferencesViewController.xib */,
				1A1C9EE4169538B20044D4DC /* GNAccountPreferencesViewController.h */,
				1A1C9EE5169538B20044D4DC /* GNAccountPreferencesViewController.m */,
				1A19257E1697426400553108 /* GNAccountPreferencesViewController.xib */,
			);
			name = Preferences;
			sourceTree = "<group>";
		};
		1A5675CC16A316A200835D1E /* Sound */ = {
			isa = PBXGroup;
			children = (
				1A5675CE16A316AA00835D1E /* mail_new.aiff */,
			);
			name = Sound;
			sourceTree = "<group>";
		};
		1AAD500116937B1300FF3658 = {
			isa = PBXGroup;
			children = (
				1AAD501616937B1300FF3658 /* Gmail Notifier */,
				1AAD500F16937B1300FF3658 /* Frameworks */,
				1AAD500D16937B1300FF3658 /* Products */,
				903DE69CF5F645C2A264500A /* Pods.xcconfig */,
			);
			sourceTree = "<group>";
		};
		1AAD500D16937B1300FF3658 /* Products */ = {
			isa = PBXGroup;
			children = (
				1AAD500C16937B1300FF3658 /* Gmail Notifier.app */,
			);
			name = Products;
			sourceTree = "<group>";
		};
		1AAD500F16937B1300FF3658 /* Frameworks */ = {
			isa = PBXGroup;
			children = (
				1AAD501016937B1300FF3658 /* Cocoa.framework */,
				1AE7976718405F230024E2B0 /* WebKit.framework */,
				1AAD501216937B1300FF3658 /* Other Frameworks */,
				B67609A5C31F4106BD784A91 /* libPods.a */,
			);
			name = Frameworks;
			sourceTree = "<group>";
		};
		1AAD501216937B1300FF3658 /* Other Frameworks */ = {
			isa = PBXGroup;
			children = (
				1AAD501316937B1300FF3658 /* AppKit.framework */,
				1AAD501416937B1300FF3658 /* CoreData.framework */,
				1AAD501516937B1300FF3658 /* Foundation.framework */,
			);
			name = "Other Frameworks";
			sourceTree = "<group>";
		};
		1AAD501616937B1300FF3658 /* Gmail Notifier */ = {
			isa = PBXGroup;
			children = (
				1AAD502216937B1300FF3658 /* GNAppDelegate.h */,
				1AAD502316937B1300FF3658 /* GNAppDelegate.m */,
				1A852E5D16A1DAC900D5F2E6 /* GNMailAccountManager.h */,
				1A852E5E16A1DAC900D5F2E6 /* GNMailAccountManager.m */,
				1ACAF72C1693A4AE0002700B /* GNMailFetchManager.h */,
				1ACAF72D1693A4AE0002700B /* GNMailFetchManager.m */,
				1A852E6416A1DB2800D5F2E6 /* GNUtils.h */,
				1A852E6516A1DB2800D5F2E6 /* GNUtils.m */,
				1A64978016973EA50066CA4D /* GNAPIKeys.h */,
				1A64978116973EA50066CA4D /* GNAPIKeys.m */,
				1A19257F169742BE00553108 /* MainMenu.xib */,
				1A403A59169506080055D43B /* Preferences */,
				1ACAF7541693ACE10002700B /* External Sources */,
				1AAD501716937B1300FF3658 /* Supporting Files */,
			);
			path = "Gmail Notifier";
			sourceTree = "<group>";
		};
		1AAD501716937B1300FF3658 /* Supporting Files */ = {
			isa = PBXGroup;
			children = (
				1A5675CC16A316A200835D1E /* Sound */,
				1AAD502D16937B3B00FF3658 /* Graphics */,
				1AAD501816937B1300FF3658 /* Gmail Notifier-Info.plist */,
				1AAD501F16937B1300FF3658 /* Credits.rtf */,
				1AAD501916937B1300FF3658 /* InfoPlist.strings */,
				1AAD501C16937B1300FF3658 /* main.m */,
				1AAD501E16937B1300FF3658 /* Gmail Notifier-Prefix.pch */,
				1A192581169742D600553108 /* Gmail Notifier.entitlements */,
			);
			name = "Supporting Files";
			sourceTree = "<group>";
		};
		1AAD502D16937B3B00FF3658 /* Graphics */ = {
			isa = PBXGroup;
			children = (
				1A9192A4169938ED003096C3 /* appicon.iconset */,
				1AAD502E16937B4D00FF3658 /* mail_alt.pdf */,
				1AAD502F16937B4D00FF3658 /* mail_new.pdf */,
				1AAD503016937B4D00FF3658 /* mail.pdf */,
				1A66FC8416937EBD00A6CC02 /* mail_error.pdf */,
			);
			name = Graphics;
			sourceTree = "<group>";
		};
		1ACAF7541693ACE10002700B /* External Sources */ = {
			isa = PBXGroup;
			children = (
				1A5E8B3F16ACC91C00D47812 /* NSObject+BlockObservation.h */,
				1A5E8B4016ACC91C00D47812 /* NSObject+BlockObservation.m */,
			);
			name = "External Sources";
			sourceTree = "<group>";
		};
/* End PBXGroup section */

/* Begin PBXNativeTarget section */
		1AAD500B16937B1300FF3658 /* Gmail Notifier */ = {
			isa = PBXNativeTarget;
			buildConfigurationList = 1AAD502A16937B1300FF3658 /* Build configuration list for PBXNativeTarget "Gmail Notifier" */;
			buildPhases = (
				CA27CB1F023A443F910F5D4A /* Check Pods Manifest.lock */,
				1ACB70A3169727C80003711C /* ShellScript */,
				1AAD500816937B1300FF3658 /* Sources */,
				1A398F591698FA94003CD8E6 /* CopyFiles */,
				1AAD500916937B1300FF3658 /* Frameworks */,
				1AAD500A16937B1300FF3658 /* Resources */,
				F2FE65A9505E41BA95C9AE36 /* Copy Pods Resources */,
			);
			buildRules = (
			);
			dependencies = (
			);
			name = "Gmail Notifier";
			productName = "Gmail Notifier";
			productReference = 1AAD500C16937B1300FF3658 /* Gmail Notifier.app */;
			productType = "com.apple.product-type.application";
		};
/* End PBXNativeTarget section */

/* Begin PBXProject section */
		1AAD500316937B1300FF3658 /* Project object */ = {
			isa = PBXProject;
			attributes = {
				CLASSPREFIX = GN;
				LastUpgradeCheck = 0500;
				ORGANIZATIONNAME = "James Shepherdson";
			};
			buildConfigurationList = 1AAD500616937B1300FF3658 /* Build configuration list for PBXProject "Gmail Notifier" */;
			compatibilityVersion = "Xcode 3.2";
			developmentRegion = English;
			hasScannedForEncodings = 0;
			knownRegions = (
				en,
			);
			mainGroup = 1AAD500116937B1300FF3658;
			productRefGroup = 1AAD500D16937B1300FF3658 /* Products */;
			projectDirPath = "";
			projectRoot = "";
			targets = (
				1AAD500B16937B1300FF3658 /* Gmail Notifier */,
			);
		};
/* End PBXProject section */

/* Begin PBXResourcesBuildPhase section */
		1AAD500A16937B1300FF3658 /* Resources */ = {
			isa = PBXResourcesBuildPhase;
			buildActionMask = 2147483647;
			files = (
				1AAD501B16937B1300FF3658 /* InfoPlist.strings in Resources */,
				1AAD502116937B1300FF3658 /* Credits.rtf in Resources */,
				1AAD503116937B4D00FF3658 /* mail_alt.pdf in Resources */,
				1AAD503216937B4D00FF3658 /* mail_new.pdf in Resources */,
				1AAD503316937B4D00FF3658 /* mail.pdf in Resources */,
				1A66FC8516937EBD00A6CC02 /* mail_error.pdf in Resources */,
				1A1925761697425800553108 /* GNGeneralPreferencesViewController.xib in Resources */,
				1A19257C1697426400553108 /* GNAccountPreferencesViewController.xib in Resources */,
				1A192580169742BE00553108 /* MainMenu.xib in Resources */,
				1A9192A5169938ED003096C3 /* appicon.iconset in Resources */,
				1A5675D116A316AA00835D1E /* mail_new.aiff in Resources */,
			);
			runOnlyForDeploymentPostprocessing = 0;
		};
/* End PBXResourcesBuildPhase section */

/* Begin PBXShellScriptBuildPhase section */
		1ACB70A3169727C80003711C /* ShellScript */ = {
			isa = PBXShellScriptBuildPhase;
			buildActionMask = 2147483647;
			files = (
			);
			inputPaths = (
			);
			outputPaths = (
			);
			runOnlyForDeploymentPostprocessing = 0;
			shellPath = /bin/sh;
			shellScript = "SHORT_HASH=`git rev-parse --short HEAD`\n/usr/libexec/PlistBuddy -c \"Set :CFBundleVersion $SHORT_HASH\" \"${TARGET_BUILD_DIR}/${INFOPLIST_PATH}\"";
			showEnvVarsInLog = 0;
		};
		CA27CB1F023A443F910F5D4A /* Check Pods Manifest.lock */ = {
			isa = PBXShellScriptBuildPhase;
			buildActionMask = 2147483647;
			files = (
			);
			inputPaths = (
			);
			name = "Check Pods Manifest.lock";
			outputPaths = (
			);
			runOnlyForDeploymentPostprocessing = 0;
			shellPath = /bin/sh;
			shellScript = "diff \"${PODS_ROOT}/../Podfile.lock\" \"${PODS_ROOT}/Manifest.lock\" > /dev/null\nif [[ $? != 0 ]] ; then\n    cat << EOM\nerror: The sandbox is not in sync with the Podfile.lock. Run 'pod install' or update your CocoaPods installation.\nEOM\n    exit 1\nfi\n";
			showEnvVarsInLog = 0;
		};
		F2FE65A9505E41BA95C9AE36 /* Copy Pods Resources */ = {
			isa = PBXShellScriptBuildPhase;
			buildActionMask = 2147483647;
			files = (
			);
			inputPaths = (
			);
			name = "Copy Pods Resources";
			outputPaths = (
			);
			runOnlyForDeploymentPostprocessing = 0;
			shellPath = /bin/sh;
			shellScript = "\"${SRCROOT}/Pods/Pods-resources.sh\"\n";
			showEnvVarsInLog = 0;
		};
/* End PBXShellScriptBuildPhase section */

/* Begin PBXSourcesBuildPhase section */
		1AAD500816937B1300FF3658 /* Sources */ = {
			isa = PBXSourcesBuildPhase;
			buildActionMask = 2147483647;
			files = (
				1AAD501D16937B1300FF3658 /* main.m in Sources */,
				1AAD502416937B1300FF3658 /* GNAppDelegate.m in Sources */,
				1ACAF72E1693A4AE0002700B /* GNMailFetchManager.m in Sources */,
				1A403A5D169506460055D43B /* GNGeneralPreferencesViewController.m in Sources */,
				1A1C9EE7169538B20044D4DC /* GNAccountPreferencesViewController.m in Sources */,
				1A64978216973EA50066CA4D /* GNAPIKeys.m in Sources */,
				1A852E5F16A1DAC900D5F2E6 /* GNMailAccountManager.m in Sources */,
				1A852E6616A1DB2800D5F2E6 /* GNUtils.m in Sources */,
				1A5E8B4116ACC91C00D47812 /* NSObject+BlockObservation.m in Sources */,
			);
			runOnlyForDeploymentPostprocessing = 0;
		};
/* End PBXSourcesBuildPhase section */

/* Begin PBXVariantGroup section */
		1A1925781697425800553108 /* GNGeneralPreferencesViewController.xib */ = {
			isa = PBXVariantGroup;
			children = (
				1A1925771697425800553108 /* en */,
			);
			name = GNGeneralPreferencesViewController.xib;
			sourceTree = "<group>";
		};
		1A19257E1697426400553108 /* GNAccountPreferencesViewController.xib */ = {
			isa = PBXVariantGroup;
			children = (
				1A19257D1697426400553108 /* en */,
			);
			name = GNAccountPreferencesViewController.xib;
			sourceTree = "<group>";
		};
		1AAD501916937B1300FF3658 /* InfoPlist.strings */ = {
			isa = PBXVariantGroup;
			children = (
				1AAD501A16937B1300FF3658 /* en */,
			);
			name = InfoPlist.strings;
			sourceTree = "<group>";
		};
		1AAD501F16937B1300FF3658 /* Credits.rtf */ = {
			isa = PBXVariantGroup;
			children = (
				1AAD502016937B1300FF3658 /* en */,
			);
			name = Credits.rtf;
			sourceTree = "<group>";
		};
/* End PBXVariantGroup section */

/* Begin XCBuildConfiguration section */
		1AAD502816937B1300FF3658 /* Debug */ = {
			isa = XCBuildConfiguration;
			buildSettings = {
				ALWAYS_SEARCH_USER_PATHS = NO;
				CLANG_CXX_LANGUAGE_STANDARD = "gnu++0x";
				CLANG_CXX_LIBRARY = "libc++";
				CLANG_ENABLE_OBJC_ARC = YES;
				CLANG_WARN_EMPTY_BODY = YES;
				CLANG_WARN__DUPLICATE_METHOD_MATCH = YES;
				COPY_PHASE_STRIP = NO;
				GCC_C_LANGUAGE_STANDARD = gnu99;
				GCC_DYNAMIC_NO_PIC = NO;
				GCC_ENABLE_OBJC_EXCEPTIONS = YES;
				GCC_OPTIMIZATION_LEVEL = 0;
				GCC_PREPROCESSOR_DEFINITIONS = (
					"DEBUG=1",
					"$(inherited)",
				);
				GCC_SYMBOLS_PRIVATE_EXTERN = NO;
				GCC_WARN_64_TO_32_BIT_CONVERSION = YES;
				GCC_WARN_ABOUT_RETURN_TYPE = YES;
				GCC_WARN_UNINITIALIZED_AUTOS = YES;
				GCC_WARN_UNUSED_VARIABLE = YES;
				MACOSX_DEPLOYMENT_TARGET = 10.9;
				ONLY_ACTIVE_ARCH = YES;
				SDKROOT = macosx;
			};
			name = Debug;
		};
		1AAD502916937B1300FF3658 /* Release */ = {
			isa = XCBuildConfiguration;
			buildSettings = {
				ALWAYS_SEARCH_USER_PATHS = NO;
				CLANG_CXX_LANGUAGE_STANDARD = "gnu++0x";
				CLANG_CXX_LIBRARY = "libc++";
				CLANG_ENABLE_OBJC_ARC = YES;
				CLANG_WARN_EMPTY_BODY = YES;
				CLANG_WARN__DUPLICATE_METHOD_MATCH = YES;
				COPY_PHASE_STRIP = YES;
				DEBUG_INFORMATION_FORMAT = "dwarf-with-dsym";
				GCC_C_LANGUAGE_STANDARD = gnu99;
				GCC_ENABLE_OBJC_EXCEPTIONS = YES;
				GCC_WARN_64_TO_32_BIT_CONVERSION = YES;
				GCC_WARN_ABOUT_RETURN_TYPE = YES;
				GCC_WARN_UNINITIALIZED_AUTOS = YES;
				GCC_WARN_UNUSED_VARIABLE = YES;
				MACOSX_DEPLOYMENT_TARGET = 10.9;
				SDKROOT = macosx;
			};
			name = Release;
		};
		1AAD502B16937B1300FF3658 /* Debug */ = {
			isa = XCBuildConfiguration;
			baseConfigurationReference = 903DE69CF5F645C2A264500A /* Pods.xcconfig */;
			buildSettings = {
				CODE_SIGN_IDENTITY = "";
				COMBINE_HIDPI_IMAGES = YES;
				GCC_PRECOMPILE_PREFIX_HEADER = YES;
				GCC_PREFIX_HEADER = "Gmail Notifier/Gmail Notifier-Prefix.pch";
				INFOPLIST_FILE = "Gmail Notifier/Gmail Notifier-Info.plist";
				PRODUCT_NAME = "$(TARGET_NAME)";
				SKIP_INSTALL = NO;
				WRAPPER_EXTENSION = app;
			};
			name = Debug;
		};
		1AAD502C16937B1300FF3658 /* Release */ = {
			isa = XCBuildConfiguration;
			baseConfigurationReference = 903DE69CF5F645C2A264500A /* Pods.xcconfig */;
			buildSettings = {
				CODE_SIGN_IDENTITY = "";
				COMBINE_HIDPI_IMAGES = YES;
				GCC_PRECOMPILE_PREFIX_HEADER = YES;
				GCC_PREFIX_HEADER = "Gmail Notifier/Gmail Notifier-Prefix.pch";
				INFOPLIST_FILE = "Gmail Notifier/Gmail Notifier-Info.plist";
				PRODUCT_NAME = "$(TARGET_NAME)";
				SKIP_INSTALL = NO;
				WRAPPER_EXTENSION = app;
			};
			name = Release;
		};
/* End XCBuildConfiguration section */

/* Begin XCConfigurationList section */
		1AAD500616937B1300FF3658 /* Build configuration list for PBXProject "Gmail Notifier" */ = {
			isa = XCConfigurationList;
			buildConfigurations = (
				1AAD502816937B1300FF3658 /* Debug */,
				1AAD502916937B1300FF3658 /* Release */,
			);
			defaultConfigurationIsVisible = 0;
			defaultConfigurationName = Release;
		};
		1AAD502A16937B1300FF3658 /* Build configuration list for PBXNativeTarget "Gmail Notifier" */ = {
			isa = XCConfigurationList;
			buildConfigurations = (
				1AAD502B16937B1300FF3658 /* Debug */,
				1AAD502C16937B1300FF3658 /* Release */,
			);
			defaultConfigurationIsVisible = 0;
			defaultConfigurationName = Release;
		};
/* End XCConfigurationList section */
	};
	rootObject = 1AAD500316937B1300FF3658 /* Project object */;
}
